// !$*UTF8*$!
{
	archiveVersion = 1;
	classes = {
	};
	objectVersion = 50;
	objects = {

/* Begin PBXBuildFile section */
		EEE7C3CC2432DF4A00A098BE /* AppDelegate.swift in Sources */ = {isa = PBXBuildFile; fileRef = EEE7C3CB2432DF4A00A098BE /* AppDelegate.swift */; };
		EEE7C3CE2432DF4A00A098BE /* DocumentBrowserViewController.swift in Sources */ = {isa = PBXBuildFile; fileRef = EEE7C3CD2432DF4A00A098BE /* DocumentBrowserViewController.swift */; };
		EEE7C3D02432DF4A00A098BE /* DocumentViewController.swift in Sources */ = {isa = PBXBuildFile; fileRef = EEE7C3CF2432DF4A00A098BE /* DocumentViewController.swift */; };
		EEE7C3D22432DF4A00A098BE /* Document.swift in Sources */ = {isa = PBXBuildFile; fileRef = EEE7C3D12432DF4A00A098BE /* Document.swift */; };
		EEE7C3D52432DF4A00A098BE /* Main.storyboard in Resources */ = {isa = PBXBuildFile; fileRef = EEE7C3D32432DF4A00A098BE /* Main.storyboard */; };
		EEE7C3D72432DF4B00A098BE /* Assets.xcassets in Resources */ = {isa = PBXBuildFile; fileRef = EEE7C3D62432DF4B00A098BE /* Assets.xcassets */; };
		EEE7C3DA2432DF4B00A098BE /* LaunchScreen.storyboard in Resources */ = {isa = PBXBuildFile; fileRef = EEE7C3D82432DF4B00A098BE /* LaunchScreen.storyboard */; };
/* End PBXBuildFile section */

/* Begin PBXFileReference section */
		EEE7C3C82432DF4A00A098BE /* MaliciousApp.app */ = {isa = PBXFileReference; explicitFileType = wrapper.application; includeInIndex = 0; path = MaliciousApp.app; sourceTree = BUILT_PRODUCTS_DIR; };
		EEE7C3CB2432DF4A00A098BE /* AppDelegate.swift */ = {isa = PBXFileReference; lastKnownFileType = sourcecode.swift; path = AppDelegate.swift; sourceTree = "<group>"; };
		EEE7C3CD2432DF4A00A098BE /* DocumentBrowserViewController.swift */ = {isa = PBXFileReference; lastKnownFileType = sourcecode.swift; path = DocumentBrowserViewController.swift; sourceTree = "<group>"; };
		EEE7C3CF2432DF4A00A098BE /* DocumentViewController.swift */ = {isa = PBXFileReference; lastKnownFileType = sourcecode.swift; path = DocumentViewController.swift; sourceTree = "<group>"; };
		EEE7C3D12432DF4A00A098BE /* Document.swift */ = {isa = PBXFileReference; lastKnownFileType = sourcecode.swift; path = Document.swift; sourceTree = "<group>"; };
		EEE7C3D42432DF4A00A098BE /* Base */ = {isa = PBXFileReference; lastKnownFileType = file.storyboard; name = Base; path = Base.lproj/Main.storyboard; sourceTree = "<group>"; };
		EEE7C3D62432DF4B00A098BE /* Assets.xcassets */ = {isa = PBXFileReference; lastKnownFileType = folder.assetcatalog; path = Assets.xcassets; sourceTree = "<group>"; };
		EEE7C3D92432DF4B00A098BE /* Base */ = {isa = PBXFileReference; lastKnownFileType = file.storyboard; name = Base; path = Base.lproj/LaunchScreen.storyboard; sourceTree = "<group>"; };
		EEE7C3DB2432DF4B00A098BE /* Info.plist */ = {isa = PBXFileReference; lastKnownFileType = text.plist.xml; path = Info.plist; sourceTree = "<group>"; };
/* End PBXFileReference section */

/* Begin PBXFrameworksBuildPhase section */
		EEE7C3C52432DF4A00A098BE /* Frameworks */ = {
			isa = PBXFrameworksBuildPhase;
			buildActionMask = 2147483647;
			files = (
			);
			runOnlyForDeploymentPostprocessing = 0;
		};
/* End PBXFrameworksBuildPhase section */

/* Begin PBXGroup section */
		EEE7C3BF2432DF4A00A098BE = {
			isa = PBXGroup;
			children = (
				EEE7C3CA2432DF4A00A098BE /* MaliciousApp */,
				EEE7C3C92432DF4A00A098BE /* Products */,
			);
			sourceTree = "<group>";
		};
		EEE7C3C92432DF4A00A098BE /* Products */ = {
			isa = PBXGroup;
			children = (
				EEE7C3C82432DF4A00A098BE /* MaliciousApp.app */,
			);
			name = Products;
			sourceTree = "<group>";
		};
		EEE7C3CA2432DF4A00A098BE /* MaliciousApp */ = {
			isa = PBXGroup;
			children = (
				EEE7C3CB2432DF4A00A098BE /* AppDelegate.swift */,
				EEE7C3CD2432DF4A00A098BE /* DocumentBrowserViewController.swift */,
				EEE7C3CF2432DF4A00A098BE /* DocumentViewController.swift */,
				EEE7C3D12432DF4A00A098BE /* Document.swift */,
				EEE7C3D32432DF4A00A098BE /* Main.storyboard */,
				EEE7C3D62432DF4B00A098BE /* Assets.xcassets */,
				EEE7C3D82432DF4B00A098BE /* LaunchScreen.storyboard */,
				EEE7C3DB2432DF4B00A098BE /* Info.plist */,
			);
			path = MaliciousApp;
			sourceTree = "<group>";
		};
/* End PBXGroup section */

/* Begin PBXNativeTarget section */
		EEE7C3C72432DF4A00A098BE /* MaliciousApp */ = {
			isa = PBXNativeTarget;
			buildConfigurationList = EEE7C3DE2432DF4B00A098BE /* Build configuration list for PBXNativeTarget "MaliciousApp" */;
			buildPhases = (
				EEE7C3C42432DF4A00A098BE /* Sources */,
				EEE7C3C52432DF4A00A098BE /* Frameworks */,
				EEE7C3C62432DF4A00A098BE /* Resources */,
			);
			buildRules = (
			);
			dependencies = (
			);
			name = MaliciousApp;
			productName = MaliciousApp;
			productReference = EEE7C3C82432DF4A00A098BE /* MaliciousApp.app */;
			productType = "com.apple.product-type.application";
		};
/* End PBXNativeTarget section */

/* Begin PBXProject section */
		EEE7C3C02432DF4A00A098BE /* Project object */ = {
			isa = PBXProject;
			attributes = {
				LastSwiftUpdateCheck = 1140;
				LastUpgradeCheck = 1140;
				ORGANIZATIONNAME = "Frank Shaka";
				TargetAttributes = {
					EEE7C3C72432DF4A00A098BE = {
						CreatedOnToolsVersion = 11.4;
					};
				};
			};
			buildConfigurationList = EEE7C3C32432DF4A00A098BE /* Build configuration list for PBXProject "MaliciousApp" */;
			compatibilityVersion = "Xcode 9.3";
			developmentRegion = en;
			hasScannedForEncodings = 0;
			knownRegions = (
				en,
				Base,
			);
			mainGroup = EEE7C3BF2432DF4A00A098BE;
			productRefGroup = EEE7C3C92432DF4A00A098BE /* Products */;
			projectDirPath = "";
			projectRoot = "";
			targets = (
				EEE7C3C72432DF4A00A098BE /* MaliciousApp */,
			);
		};
/* End PBXProject section */

/* Begin PBXResourcesBuildPhase section */
		EEE7C3C62432DF4A00A098BE /* Resources */ = {
			isa = PBXResourcesBuildPhase;
			buildActionMask = 2147483647;
			files = (
				EEE7C3DA2432DF4B00A098BE /* LaunchScreen.storyboard in Resources */,
				EEE7C3D72432DF4B00A098BE /* Assets.xcassets in Resources */,
				EEE7C3D52432DF4A00A098BE /* Main.storyboard in Resources */,
			);
			runOnlyForDeploymentPostprocessing = 0;
		};
/* End PBXResourcesBuildPhase section */

/* Begin PBXSourcesBuildPhase section */
		EEE7C3C42432DF4A00A098BE /* Sources */ = {
			isa = PBXSourcesBuildPhase;
			buildActionMask = 2147483647;
			files = (
				EEE7C3D22432DF4A00A098BE /* Document.swift in Sources */,
				EEE7C3D02432DF4A00A098BE /* DocumentViewController.swift in Sources */,
				EEE7C3CE2432DF4A00A098BE /* DocumentBrowserViewController.swift in Sources */,
				EEE7C3CC2432DF4A00A098BE /* AppDelegate.swift in Sources */,
			);
			runOnlyForDeploymentPostprocessing = 0;
		};
/* End PBXSourcesBuildPhase section */

/* Begin PBXVariantGroup section */
		EEE7C3D32432DF4A00A098BE /* Main.storyboard */ = {
			isa = PBXVariantGroup;
			children = (
				EEE7C3D42432DF4A00A098BE /* Base */,
			);
			name = Main.storyboard;
			sourceTree = "<group>";
		};
		EEE7C3D82432DF4B00A098BE /* LaunchScreen.storyboard */ = {
			isa = PBXVariantGroup;
			children = (
				EEE7C3D92432DF4B00A098BE /* Base */,
			);
			name = LaunchScreen.storyboard;
			sourceTree = "<group>";
		};
/* End PBXVariantGroup section */

/* Begin XCBuildConfiguration section */
		EEE7C3DC2432DF4B00A098BE /* Debug */ = {
			isa = XCBuildConfiguration;
			buildSettings = {
				ALWAYS_SEARCH_USER_PATHS = NO;
				CLANG_ANALYZER_NONNULL = YES;
				CLANG_ANALYZER_NUMBER_OBJECT_CONVERSION = YES_AGGRESSIVE;
				CLANG_CXX_LANGUAGE_STANDARD = "gnu++14";
				CLANG_CXX_LIBRARY = "libc++";
				CLANG_ENABLE_MODULES = YES;
				CLANG_ENABLE_OBJC_ARC = YES;
				CLANG_ENABLE_OBJC_WEAK = YES;
				CLANG_WARN_BLOCK_CAPTURE_AUTORELEASING = YES;
				CLANG_WARN_BOOL_CONVERSION = YES;
				CLANG_WARN_COMMA = YES;
				CLANG_WARN_CONSTANT_CONVERSION = YES;
				CLANG_WARN_DEPRECATED_OBJC_IMPLEMENTATIONS = YES;
				CLANG_WARN_DIRECT_OBJC_ISA_USAGE = YES_ERROR;
				CLANG_WARN_DOCUMENTATION_COMMENTS = YES;
				CLANG_WARN_EMPTY_BODY = YES;
				CLANG_WARN_ENUM_CONVERSION = YES;
				CLANG_WARN_INFINITE_RECURSION = YES;
				CLANG_WARN_INT_CONVERSION = YES;
				CLANG_WARN_NON_LITERAL_NULL_CONVERSION = YES;
				CLANG_WARN_OBJC_IMPLICIT_RETAIN_SELF = YES;
				CLANG_WARN_OBJC_LITERAL_CONVERSION = YES;
				CLANG_WARN_OBJC_ROOT_CLASS = YES_ERROR;
				CLANG_WARN_RANGE_LOOP_ANALYSIS = YES;
				CLANG_WARN_STRICT_PROTOTYPES = YES;
				CLANG_WARN_SUSPICIOUS_MOVE = YES;
				CLANG_WARN_UNGUARDED_AVAILABILITY = YES_AGGRESSIVE;
				CLANG_WARN_UNREACHABLE_CODE = YES;
				CLANG_WARN__DUPLICATE_METHOD_MATCH = YES;
				COPY_PHASE_STRIP = NO;
				DEBUG_INFORMATION_FORMAT = dwarf;
				ENABLE_STRICT_OBJC_MSGSEND = YES;
				ENABLE_TESTABILITY = YES;
				GCC_C_LANGUAGE_STANDARD = gnu11;
				GCC_DYNAMIC_NO_PIC = NO;
				GCC_NO_COMMON_BLOCKS = YES;
				GCC_OPTIMIZATION_LEVEL = 0;
				GCC_PREPROCESSOR_DEFINITIONS = (
					"DEBUG=1",
					"$(inherited)",
				);
				GCC_WARN_64_TO_32_BIT_CONVERSION = YES;
				GCC_WARN_ABOUT_RETURN_TYPE = YES_ERROR;
				GCC_WARN_UNDECLARED_SELECTOR = YES;
				GCC_WARN_UNINITIALIZED_AUTOS = YES_AGGRESSIVE;
				GCC_WARN_UNUSED_FUNCTION = YES;
				GCC_WARN_UNUSED_VARIABLE = YES;
				IPHONEOS_DEPLOYMENT_TARGET = 13.4;
				MTL_ENABLE_DEBUG_INFO = INCLUDE_SOURCE;
				MTL_FAST_MATH = YES;
				ONLY_ACTIVE_ARCH = YES;
				SDKROOT = iphoneos;
				SWIFT_ACTIVE_COMPILATION_CONDITIONS = DEBUG;
				SWIFT_OPTIMIZATION_LEVEL = "-Onone";
			};
			name = Debug;
		};
		EEE7C3DD2432DF4B00A098BE /* Release */ = {
			isa = XCBuildConfiguration;
			buildSettings = {
				ALWAYS_SEARCH_USER_PATHS = NO;
				CLANG_ANALYZER_NONNULL = YES;
				CLANG_ANALYZER_NUMBER_OBJECT_CONVERSION = YES_AGGRESSIVE;
				CLANG_CXX_LANGUAGE_STANDARD = "gnu++14";
				CLANG_CXX_LIBRARY = "libc++";
				CLANG_ENABLE_MODULES = YES;
				CLANG_ENABLE_OBJC_ARC = YES;
				CLANG_ENABLE_OBJC_WEAK = YES;
				CLANG_WARN_BLOCK_CAPTURE_AUTORELEASING = YES;
				CLANG_WARN_BOOL_CONVERSION = YES;
				CLANG_WARN_COMMA = YES;
				CLANG_WARN_CONSTANT_CONVERSION = YES;
				CLANG_WARN_DEPRECATED_OBJC_IMPLEMENTATIONS = YES;
				CLANG_WARN_DIRECT_OBJC_ISA_USAGE = YES_ERROR;
				CLANG_WARN_DOCUMENTATION_COMMENTS = YES;
				CLANG_WARN_EMPTY_BODY = YES;
				CLANG_WARN_ENUM_CONVERSION = YES;
				CLANG_WARN_INFINITE_RECURSION = YES;
				CLANG_WARN_INT_CONVERSION = YES;
				CLANG_WARN_NON_LITERAL_NULL_CONVERSION = YES;
				CLANG_WARN_OBJC_IMPLICIT_RETAIN_SELF = YES;
				CLANG_WARN_OBJC_LITERAL_CONVERSION = YES;
				CLANG_WARN_OBJC_ROOT_CLASS = YES_ERROR;
				CLANG_WARN_RANGE_LOOP_ANALYSIS = YES;
				CLANG_WARN_STRICT_PROTOTYPES = YES;
				CLANG_WARN_SUSPICIOUS_MOVE = YES;
				CLANG_WARN_UNGUARDED_AVAILABILITY = YES_AGGRESSIVE;
				CLANG_WARN_UNREACHABLE_CODE = YES;
				CLANG_WARN__DUPLICATE_METHOD_MATCH = YES;
				COPY_PHASE_STRIP = NO;
				DEBUG_INFORMATION_FORMAT = "dwarf-with-dsym";
				ENABLE_NS_ASSERTIONS = NO;
				ENABLE_STRICT_OBJC_MSGSEND = YES;
				GCC_C_LANGUAGE_STANDARD = gnu11;
				GCC_NO_COMMON_BLOCKS = YES;
				GCC_WARN_64_TO_32_BIT_CONVERSION = YES;
				GCC_WARN_ABOUT_RETURN_TYPE = YES_ERROR;
				GCC_WARN_UNDECLARED_SELECTOR = YES;
				GCC_WARN_UNINITIALIZED_AUTOS = YES_AGGRESSIVE;
				GCC_WARN_UNUSED_FUNCTION = YES;
				GCC_WARN_UNUSED_VARIABLE = YES;
				IPHONEOS_DEPLOYMENT_TARGET = 13.4;
				MTL_ENABLE_DEBUG_INFO = NO;
				MTL_FAST_MATH = YES;
				SDKROOT = iphoneos;
				SWIFT_COMPILATION_MODE = wholemodule;
				SWIFT_OPTIMIZATION_LEVEL = "-O";
				VALIDATE_PRODUCT = YES;
			};
			name = Release;
		};
		EEE7C3DF2432DF4B00A098BE /* Debug */ = {
			isa = XCBuildConfiguration;
			buildSettings = {
				ASSETCATALOG_COMPILER_APPICON_NAME = AppIcon;
				CODE_SIGN_STYLE = Automatic;
				DEVELOPMENT_TEAM = DQT987U393;
				INFOPLIST_FILE = MaliciousApp/Info.plist;
				IPHONEOS_DEPLOYMENT_TARGET = 12.0;
				LD_RUNPATH_SEARCH_PATHS = (
					"$(inherited)",
					"@executable_path/Frameworks",
				);
				PRODUCT_BUNDLE_IDENTIFIER = me.frankshaka.MaliciousApp;
				PRODUCT_NAME = "$(TARGET_NAME)";
				SWIFT_VERSION = 5.0;
				TARGETED_DEVICE_FAMILY = "1,2";
			};
			name = Debug;
		};
		EEE7C3E02432DF4B00A098BE /* Release */ = {
			isa = XCBuildConfiguration;
			buildSettings = {
				ASSETCATALOG_COMPILER_APPICON_NAME = AppIcon;
				CODE_SIGN_STYLE = Automatic;
				DEVELOPMENT_TEAM = DQT987U393;
				INFOPLIST_FILE = MaliciousApp/Info.plist;
				IPHONEOS_DEPLOYMENT_TARGET = 12.0;
				LD_RUNPATH_SEARCH_PATHS = (
					"$(inherited)",
					"@executable_path/Frameworks",
				);
				PRODUCT_BUNDLE_IDENTIFIER = me.frankshaka.MaliciousApp;
				PRODUCT_NAME = "$(TARGET_NAME)";
				SWIFT_VERSION = 5.0;
				TARGETED_DEVICE_FAMILY = "1,2";
			};
			name = Release;
		};
/* End XCBuildConfiguration section */

/* Begin XCConfigurationList section */
		EEE7C3C32432DF4A00A098BE /* Build configuration list for PBXProject "MaliciousApp" */ = {
			isa = XCConfigurationList;
			buildConfigurations = (
				EEE7C3DC2432DF4B00A098BE /* Debug */,
				EEE7C3DD2432DF4B00A098BE /* Release */,
			);
			defaultConfigurationIsVisible = 0;
			defaultConfigurationName = Release;
		};
		EEE7C3DE2432DF4B00A098BE /* Build configuration list for PBXNativeTarget "MaliciousApp" */ = {
			isa = XCConfigurationList;
			buildConfigurations = (
				EEE7C3DF2432DF4B00A098BE /* Debug */,
				EEE7C3E02432DF4B00A098BE /* Release */,
			);
			defaultConfigurationIsVisible = 0;
			defaultConfigurationName = Release;
		};
/* End XCConfigurationList section */
	};
	rootObject = EEE7C3C02432DF4A00A098BE /* Project object */;
}
